
Microsoft Visual Studio Solution File, Format Version 12.00
# Visual Studio Version 16
VisualStudioVersion = 16.0.809.8
MinimumVisualStudioVersion = 10.0.40219.1
Project("{FAE04EC0-301F-11D3-BF4B-00C04F79EFBC}") = "TEST", "TEST\TEST.csproj", "{BB408922-0FEC-4200-880E-59323AB07180}"
EndProject
Global
	GlobalSection(SolutionConfigurationPlatforms) = preSolution
		Debug|Any CPU = Debug|Any CPU
		Release|Any CPU = Release|Any CPU
	EndGlobalSection
	GlobalSection(ProjectConfigurationPlatforms) = postSolution
		{BB408922-0FEC-4200-880E-59323AB07180}.Debug|Any CPU.ActiveCfg = Debug|Any CPU
		{BB408922-0FEC-4200-880E-59323AB07180}.Debug|Any CPU.Build.0 = Debug|Any CPU
		{BB408922-0FEC-4200-880E-59323AB07180}.Release|Any CPU.ActiveCfg = Release|Any CPU
		{BB408922-0FEC-4200-880E-59323AB07180}.Release|Any CPU.Build.0 = Release|Any CPU
	EndGlobalSection
	GlobalSection(SolutionProperties) = preSolution
		HideSolutionNode = FALSE
	EndGlobalSection
	GlobalSection(ExtensibilityGlobals) = postSolution
		SolutionGuid = {68A95A83-414D-499A-BDC2-1A53B54B066B}
	EndGlobalSection
EndGlobal
